
Microsoft Visual Studio Solution File, Format Version 12.00
# Visual Studio 15
VisualStudioVersion = 15.0.27130.2010
MinimumVisualStudioVersion = 10.0.40219.1
Project("{FAE04EC0-301F-11D3-BF4B-00C04F79EFBC}") = "Bumpy", "Bumpy\Bumpy.csproj", "{2115A19D-9AB9-4ABC-8816-B9C49298E04E}"
EndProject
Project("{9A19103F-16F7-4668-BE54-9A1E7A4F7556}") = "Bumpy.Core", "Bumpy.Core\Bumpy.Core.csproj", "{03A499C5-3D23-48E0-9892-AACEA22620AA}"
EndProject
Project("{FAE04EC0-301F-11D3-BF4B-00C04F79EFBC}") = "Bumpy.Tests", "Bumpy.Tests\Bumpy.Tests.csproj", "{CD9AE6DD-C13A-448A-8092-37B4EFAAB431}"
EndProject
Project("{FAE04EC0-301F-11D3-BF4B-00C04F79EFBC}") = "Bumpy.Core.Tests", "Bumpy.Core.Tests\Bumpy.Core.Tests.csproj", "{F0BDA27C-22CF-4A88-A045-D389F4C4C477}"
EndProject
Global
	GlobalSection(SolutionConfigurationPlatforms) = preSolution
		Debug|Any CPU = Debug|Any CPU
		Release|Any CPU = Release|Any CPU
	EndGlobalSection
	GlobalSection(ProjectConfigurationPlatforms) = postSolution
		{2115A19D-9AB9-4ABC-8816-B9C49298E04E}.Debug|Any CPU.ActiveCfg = Debug|Any CPU
		{2115A19D-9AB9-4ABC-8816-B9C49298E04E}.Debug|Any CPU.Build.0 = Debug|Any CPU
		{2115A19D-9AB9-4ABC-8816-B9C49298E04E}.Release|Any CPU.ActiveCfg = Release|Any CPU
		{2115A19D-9AB9-4ABC-8816-B9C49298E04E}.Release|Any CPU.Build.0 = Release|Any CPU
		{03A499C5-3D23-48E0-9892-AACEA22620AA}.Debug|Any CPU.ActiveCfg = Debug|Any CPU
		{03A499C5-3D23-48E0-9892-AACEA22620AA}.Debug|Any CPU.Build.0 = Debug|Any CPU
		{03A499C5-3D23-48E0-9892-AACEA22620AA}.Release|Any CPU.ActiveCfg = Release|Any CPU
		{03A499C5-3D23-48E0-9892-AACEA22620AA}.Release|Any CPU.Build.0 = Release|Any CPU
		{CD9AE6DD-C13A-448A-8092-37B4EFAAB431}.Debug|Any CPU.ActiveCfg = Debug|Any CPU
		{CD9AE6DD-C13A-448A-8092-37B4EFAAB431}.Debug|Any CPU.Build.0 = Debug|Any CPU
		{CD9AE6DD-C13A-448A-8092-37B4EFAAB431}.Release|Any CPU.ActiveCfg = Release|Any CPU
		{CD9AE6DD-C13A-448A-8092-37B4EFAAB431}.Release|Any CPU.Build.0 = Release|Any CPU
		{F0BDA27C-22CF-4A88-A045-D389F4C4C477}.Debug|Any CPU.ActiveCfg = Debug|Any CPU
		{F0BDA27C-22CF-4A88-A045-D389F4C4C477}.Debug|Any CPU.Build.0 = Debug|Any CPU
		{F0BDA27C-22CF-4A88-A045-D389F4C4C477}.Release|Any CPU.ActiveCfg = Release|Any CPU
		{F0BDA27C-22CF-4A88-A045-D389F4C4C477}.Release|Any CPU.Build.0 = Release|Any CPU
	EndGlobalSection
	GlobalSection(SolutionProperties) = preSolution
		HideSolutionNode = FALSE
	EndGlobalSection
	GlobalSection(ExtensibilityGlobals) = postSolution
		SolutionGuid = {964686CA-4E4F-4F1F-97BE-F41884BB35FF}
	EndGlobalSection
EndGlobal
